lockfileVersion: '6.0'

settings:
  autoInstallPeers: true
  excludeLinksFromLockfile: false

dependencies:
  '@types/chart.js':
    specifier: ^2.9.38
    version: 2.9.38

packages:

  /@types/chart.js@2.9.38:
    resolution: {integrity: sha512-rLoHHprkVEDpAXqke/xHalyXR+5Nv+3tfViwT/UnJZ41Wp/XPaSRlJKw2PU3S3tTCqKKyjkYai+VpeHoti79XQ==}
    dependencies:
      moment: 2.29.4
    dev: false

  /moment@2.29.4:
    resolution: {integrity: sha512-5LC9SOxjSc2HF6vO2CyuTDNivEdoz2IvyJJGj6X8DJ0eFyfszE0QiEd+iXmBvUP3WHxSjFH/vIsA0EN00cgr8w==}
    dev: false
