lockfileVersion: '6.0'

settings:
  autoInstallPeers: true
  excludeLinksFromLockfile: false

dependencies:
  chart.js:
    specifier: ^4.4.0
    version: 4.4.0
  chartjs-adapter-date-fns:
    specifier: ^3.0.0
    version: 3.0.0(chart.js@4.4.0)(date-fns@2.30.0)
  chartjs-plugin-annotation:
    specifier: ^3.0.1
    version: 3.0.1(chart.js@4.4.0)
  date-fns:
    specifier: ^2.30.0
    version: 2.30.0

packages:

  /@babel/runtime@7.22.15:
    resolution: {integrity: sha512-T0O+aa+4w0u06iNmapipJXMV4HoUir03hpx3/YqXXhu9xim3w+dVphjFWl1OH8NbZHw5Lbm9k45drDkgq2VNNA==}
    engines: {node: '>=6.9.0'}
    dependencies:
      regenerator-runtime: 0.14.0
    dev: false

  /@kurkle/color@0.3.2:
    resolution: {integrity: sha512-fuscdXJ9G1qb7W8VdHi+IwRqij3lBkosAm4ydQtEmbY58OzHXqQhvlxqEkoz0yssNVn38bcpRWgA9PP+OGoisw==}
    dev: false

  /chart.js@4.4.0:
    resolution: {integrity: sha512-vQEj6d+z0dcsKLlQvbKIMYFHd3t8W/7L2vfJIbYcfyPcRx92CsHqECpueN8qVGNlKyDcr5wBrYAYKnfu/9Q1hQ==}
    engines: {pnpm: '>=7'}
    dependencies:
      '@kurkle/color': 0.3.2
    dev: false

  /chartjs-adapter-date-fns@3.0.0(chart.js@4.4.0)(date-fns@2.30.0):
    resolution: {integrity: sha512-Rs3iEB3Q5pJ973J93OBTpnP7qoGwvq3nUnoMdtxO+9aoJof7UFcRbWcIDteXuYd1fgAvct/32T9qaLyLuZVwCg==}
    peerDependencies:
      chart.js: '>=2.8.0'
      date-fns: '>=2.0.0'
    dependencies:
      chart.js: 4.4.0
      date-fns: 2.30.0
    dev: false

  /chartjs-plugin-annotation@3.0.1(chart.js@4.4.0):
    resolution: {integrity: sha512-hlIrXXKqSDgb+ZjVYHefmlZUXK8KbkCPiynSVrTb/HjTMkT62cOInaT1NTQCKtxKKOm9oHp958DY3RTAFKtkHg==}
    peerDependencies:
      chart.js: '>=4.0.0'
    dependencies:
      chart.js: 4.4.0
    dev: false

  /date-fns@2.30.0:
    resolution: {integrity: sha512-fnULvOpxnC5/Vg3NCiWelDsLiUc9bRwAPs/+LfTLNvetFCtCTN+yQz15C/fs4AwX1R9K5GLtLfn8QW+dWisaAw==}
    engines: {node: '>=0.11'}
    dependencies:
      '@babel/runtime': 7.22.15
    dev: false

  /regenerator-runtime@0.14.0:
    resolution: {integrity: sha512-srw17NI0TUWHuGa5CFGGmhfNIeja30WMBfbslPNhf6JrqQlLN5gcrvig1oqPxiVaXb0oW0XRKtH6Nngs5lKCIA==}
    dev: false
